
Microsoft Visual Studio Solution File, Format Version 12.00
# Visual Studio Version 17
VisualStudioVersion = 17.11.35219.272
MinimumVisualStudioVersion = 10.0.40219.1
Project("{FAE04EC0-301F-11D3-BF4B-00C04F79EFBC}") = "SeleniumTesting", "SeleniumTesting.csproj", "{B78A1409-6458-4F92-B192-00B91EDCF889}"
EndProject
Global
	GlobalSection(SolutionConfigurationPlatforms) = preSolution
		Debug|Any CPU = Debug|Any CPU
		Release|Any CPU = Release|Any CPU
	EndGlobalSection
	GlobalSection(ProjectConfigurationPlatforms) = postSolution
		{B78A1409-6458-4F92-B192-00B91EDCF889}.Debug|Any CPU.ActiveCfg = Debug|Any CPU
		{B78A1409-6458-4F92-B192-00B91EDCF889}.Debug|Any CPU.Build.0 = Debug|Any CPU
		{B78A1409-6458-4F92-B192-00B91EDCF889}.Release|Any CPU.ActiveCfg = Release|Any CPU
		{B78A1409-6458-4F92-B192-00B91EDCF889}.Release|Any CPU.Build.0 = Release|Any CPU
	EndGlobalSection
	GlobalSection(SolutionProperties) = preSolution
		HideSolutionNode = FALSE
	EndGlobalSection
	GlobalSection(ExtensibilityGlobals) = postSolution
		SolutionGuid = {68EC927F-5FF7-4ABB-9690-59F5B476CFA2}
	EndGlobalSection
EndGlobal
